// !$*UTF8*$!
{
	archiveVersion = 1;
	classes = {
	};
	objectVersion = 46;
	objects = {

/* Begin PBXBuildFile section */
		C9ABAA4D1AB8B3B2006D278C /* main.m in Sources */ = {isa = PBXBuildFile; fileRef = C9ABAA4C1AB8B3B2006D278C /* main.m */; };
		C9ABAA501AB8B3B2006D278C /* AppDelegate.m in Sources */ = {isa = PBXBuildFile; fileRef = C9ABAA4F1AB8B3B2006D278C /* AppDelegate.m */; };
		C9ABAA531AB8B3B2006D278C /* ViewController.m in Sources */ = {isa = PBXBuildFile; fileRef = C9ABAA521AB8B3B2006D278C /* ViewController.m */; };
		C9ABAA581AB8B3B2006D278C /* Images.xcassets in Resources */ = {isa = PBXBuildFile; fileRef = C9ABAA571AB8B3B2006D278C /* Images.xcassets */; };
		C9ABAA5B1AB8B3B2006D278C /* LaunchScreen.xib in Resources */ = {isa = PBXBuildFile; fileRef = C9ABAA591AB8B3B2006D278C /* LaunchScreen.xib */; };
		C9ABAA731AB8B3DC006D278C /* WLActivityViewController.m in Sources */ = {isa = PBXBuildFile; fileRef = C9ABAA721AB8B3DC006D278C /* WLActivityViewController.m */; };
/* End PBXBuildFile section */

/* Begin PBXFileReference section */
		C9ABAA471AB8B3B2006D278C /* WLActivityViewController.app */ = {isa = PBXFileReference; explicitFileType = wrapper.application; includeInIndex = 0; path = WLActivityViewController.app; sourceTree = BUILT_PRODUCTS_DIR; };
		C9ABAA4B1AB8B3B2006D278C /* Info.plist */ = {isa = PBXFileReference; lastKnownFileType = text.plist.xml; name = Info.plist; path = ../Demo/Info.plist; sourceTree = "<group>"; };
		C9ABAA4C1AB8B3B2006D278C /* main.m */ = {isa = PBXFileReference; lastKnownFileType = sourcecode.c.objc; name = main.m; path = ../Demo/main.m; sourceTree = "<group>"; };
		C9ABAA4E1AB8B3B2006D278C /* AppDelegate.h */ = {isa = PBXFileReference; lastKnownFileType = sourcecode.c.h; name = AppDelegate.h; path = ../Demo/AppDelegate.h; sourceTree = "<group>"; };
		C9ABAA4F1AB8B3B2006D278C /* AppDelegate.m */ = {isa = PBXFileReference; lastKnownFileType = sourcecode.c.objc; name = AppDelegate.m; path = ../Demo/AppDelegate.m; sourceTree = "<group>"; };
		C9ABAA511AB8B3B2006D278C /* ViewController.h */ = {isa = PBXFileReference; lastKnownFileType = sourcecode.c.h; name = ViewController.h; path = ../Demo/ViewController.h; sourceTree = "<group>"; };
		C9ABAA521AB8B3B2006D278C /* ViewController.m */ = {isa = PBXFileReference; lastKnownFileType = sourcecode.c.objc; name = ViewController.m; path = ../Demo/ViewController.m; sourceTree = "<group>"; };
		C9ABAA571AB8B3B2006D278C /* Images.xcassets */ = {isa = PBXFileReference; lastKnownFileType = folder.assetcatalog; name = Images.xcassets; path = ../Demo/Images.xcassets; sourceTree = "<group>"; };
		C9ABAA5A1AB8B3B2006D278C /* Base */ = {isa = PBXFileReference; lastKnownFileType = file.xib; name = Base; path = Base.lproj/LaunchScreen.xib; sourceTree = "<group>"; };
		C9ABAA711AB8B3DC006D278C /* WLActivityViewController.h */ = {isa = PBXFileReference; fileEncoding = 4; lastKnownFileType = sourcecode.c.h; path = WLActivityViewController.h; sourceTree = "<group>"; };
		C9ABAA721AB8B3DC006D278C /* WLActivityViewController.m */ = {isa = PBXFileReference; fileEncoding = 4; lastKnownFileType = sourcecode.c.objc; path = WLActivityViewController.m; sourceTree = "<group>"; };
/* End PBXFileReference section */

/* Begin PBXFrameworksBuildPhase section */
		C9ABAA441AB8B3B2006D278C /* Frameworks */ = {
			isa = PBXFrameworksBuildPhase;
			buildActionMask = 2147483647;
			files = (
			);
			runOnlyForDeploymentPostprocessing = 0;
		};
/* End PBXFrameworksBuildPhase section */

/* Begin PBXGroup section */
		C9ABAA3E1AB8B3B2006D278C = {
			isa = PBXGroup;
			children = (
				C9ABAA491AB8B3B2006D278C /* WLActivityViewController */,
				C9ABAA701AB8B3BC006D278C /* Demo */,
				C9ABAA481AB8B3B2006D278C /* Products */,
			);
			sourceTree = "<group>";
		};
		C9ABAA481AB8B3B2006D278C /* Products */ = {
			isa = PBXGroup;
			children = (
				C9ABAA471AB8B3B2006D278C /* WLActivityViewController.app */,
			);
			name = Products;
			sourceTree = "<group>";
		};
		C9ABAA491AB8B3B2006D278C /* WLActivityViewController */ = {
			isa = PBXGroup;
			children = (
				C9ABAA711AB8B3DC006D278C /* WLActivityViewController.h */,
				C9ABAA721AB8B3DC006D278C /* WLActivityViewController.m */,
			);
			path = WLActivityViewController;
			sourceTree = "<group>";
		};
		C9ABAA4A1AB8B3B2006D278C /* Supporting Files */ = {
			isa = PBXGroup;
			children = (
				C9ABAA4B1AB8B3B2006D278C /* Info.plist */,
				C9ABAA4C1AB8B3B2006D278C /* main.m */,
			);
			name = "Supporting Files";
			sourceTree = "<group>";
		};
		C9ABAA701AB8B3BC006D278C /* Demo */ = {
			isa = PBXGroup;
			children = (
				C9ABAA4E1AB8B3B2006D278C /* AppDelegate.h */,
				C9ABAA4F1AB8B3B2006D278C /* AppDelegate.m */,
				C9ABAA511AB8B3B2006D278C /* ViewController.h */,
				C9ABAA521AB8B3B2006D278C /* ViewController.m */,
				C9ABAA571AB8B3B2006D278C /* Images.xcassets */,
				C9ABAA591AB8B3B2006D278C /* LaunchScreen.xib */,
				C9ABAA4A1AB8B3B2006D278C /* Supporting Files */,
			);
			name = Demo;
			path = WLActivityViewController;
			sourceTree = "<group>";
		};
/* End PBXGroup section */

/* Begin PBXNativeTarget section */
		C9ABAA461AB8B3B2006D278C /* WLActivityViewController */ = {
			isa = PBXNativeTarget;
			buildConfigurationList = C9ABAA6A1AB8B3B2006D278C /* Build configuration list for PBXNativeTarget "WLActivityViewController" */;
			buildPhases = (
				C9ABAA431AB8B3B2006D278C /* Sources */,
				C9ABAA441AB8B3B2006D278C /* Frameworks */,
				C9ABAA451AB8B3B2006D278C /* Resources */,
			);
			buildRules = (
			);
			dependencies = (
			);
			name = WLActivityViewController;
			productName = WLActivityViewController;
			productReference = C9ABAA471AB8B3B2006D278C /* WLActivityViewController.app */;
			productType = "com.apple.product-type.application";
		};
/* End PBXNativeTarget section */

/* Begin PBXProject section */
		C9ABAA3F1AB8B3B2006D278C /* Project object */ = {
			isa = PBXProject;
			attributes = {
				LastUpgradeCheck = 0700;
				ORGANIZATIONNAME = Moke;
				TargetAttributes = {
					C9ABAA461AB8B3B2006D278C = {
						CreatedOnToolsVersion = 6.2;
					};
				};
			};
			buildConfigurationList = C9ABAA421AB8B3B2006D278C /* Build configuration list for PBXProject "WLActivityViewController" */;
			compatibilityVersion = "Xcode 3.2";
			developmentRegion = English;
			hasScannedForEncodings = 0;
			knownRegions = (
				en,
				Base,
			);
			mainGroup = C9ABAA3E1AB8B3B2006D278C;
			productRefGroup = C9ABAA481AB8B3B2006D278C /* Products */;
			projectDirPath = "";
			projectRoot = "";
			targets = (
				C9ABAA461AB8B3B2006D278C /* WLActivityViewController */,
			);
		};
/* End PBXProject section */

/* Begin PBXResourcesBuildPhase section */
		C9ABAA451AB8B3B2006D278C /* Resources */ = {
			isa = PBXResourcesBuildPhase;
			buildActionMask = 2147483647;
			files = (
				C9ABAA5B1AB8B3B2006D278C /* LaunchScreen.xib in Resources */,
				C9ABAA581AB8B3B2006D278C /* Images.xcassets in Resources */,
			);
			runOnlyForDeploymentPostprocessing = 0;
		};
/* End PBXResourcesBuildPhase section */

/* Begin PBXSourcesBuildPhase section */
		C9ABAA431AB8B3B2006D278C /* Sources */ = {
			isa = PBXSourcesBuildPhase;
			buildActionMask = 2147483647;
			files = (
				C9ABAA731AB8B3DC006D278C /* WLActivityViewController.m in Sources */,
				C9ABAA531AB8B3B2006D278C /* ViewController.m in Sources */,
				C9ABAA501AB8B3B2006D278C /* AppDelegate.m in Sources */,
				C9ABAA4D1AB8B3B2006D278C /* main.m in Sources */,
			);
			runOnlyForDeploymentPostprocessing = 0;
		};
/* End PBXSourcesBuildPhase section */

/* Begin PBXVariantGroup section */
		C9ABAA591AB8B3B2006D278C /* LaunchScreen.xib */ = {
			isa = PBXVariantGroup;
			children = (
				C9ABAA5A1AB8B3B2006D278C /* Base */,
			);
			name = LaunchScreen.xib;
			path = ../Demo;
			sourceTree = "<group>";
		};
/* End PBXVariantGroup section */

/* Begin XCBuildConfiguration section */
		C9ABAA681AB8B3B2006D278C /* Debug */ = {
			isa = XCBuildConfiguration;
			buildSettings = {
				ALWAYS_SEARCH_USER_PATHS = NO;
				CLANG_CXX_LANGUAGE_STANDARD = "gnu++0x";
				CLANG_CXX_LIBRARY = "libc++";
				CLANG_ENABLE_MODULES = YES;
				CLANG_ENABLE_OBJC_ARC = YES;
				CLANG_WARN_BOOL_CONVERSION = YES;
				CLANG_WARN_CONSTANT_CONVERSION = YES;
				CLANG_WARN_DIRECT_OBJC_ISA_USAGE = YES_ERROR;
				CLANG_WARN_EMPTY_BODY = YES;
				CLANG_WARN_ENUM_CONVERSION = YES;
				CLANG_WARN_INT_CONVERSION = YES;
				CLANG_WARN_OBJC_ROOT_CLASS = YES_ERROR;
				CLANG_WARN_UNREACHABLE_CODE = YES;
				CLANG_WARN__DUPLICATE_METHOD_MATCH = YES;
				"CODE_SIGN_IDENTITY[sdk=iphoneos*]" = "iPhone Developer";
				COPY_PHASE_STRIP = NO;
				ENABLE_STRICT_OBJC_MSGSEND = YES;
				ENABLE_TESTABILITY = YES;
				GCC_C_LANGUAGE_STANDARD = gnu99;
				GCC_DYNAMIC_NO_PIC = NO;
				GCC_OPTIMIZATION_LEVEL = 0;
				GCC_PREPROCESSOR_DEFINITIONS = (
					"DEBUG=1",
					"$(inherited)",
				);
				GCC_SYMBOLS_PRIVATE_EXTERN = NO;
				GCC_WARN_64_TO_32_BIT_CONVERSION = YES;
				GCC_WARN_ABOUT_RETURN_TYPE = YES_ERROR;
				GCC_WARN_UNDECLARED_SELECTOR = YES;
				GCC_WARN_UNINITIALIZED_AUTOS = YES_AGGRESSIVE;
				GCC_WARN_UNUSED_FUNCTION = YES;
				GCC_WARN_UNUSED_VARIABLE = YES;
				IPHONEOS_DEPLOYMENT_TARGET = 8.0;
				MTL_ENABLE_DEBUG_INFO = YES;
				ONLY_ACTIVE_ARCH = YES;
				SDKROOT = iphoneos;
			};
			name = Debug;
		};
		C9ABAA691AB8B3B2006D278C /* Release */ = {
			isa = XCBuildConfiguration;
			buildSettings = {
				ALWAYS_SEARCH_USER_PATHS = NO;
				CLANG_CXX_LANGUAGE_STANDARD = "gnu++0x";
				CLANG_CXX_LIBRARY = "libc++";
				CLANG_ENABLE_MODULES = YES;
				CLANG_ENABLE_OBJC_ARC = YES;
				CLANG_WARN_BOOL_CONVERSION = YES;
				CLANG_WARN_CONSTANT_CONVERSION = YES;
				CLANG_WARN_DIRECT_OBJC_ISA_USAGE = YES_ERROR;
				CLANG_WARN_EMPTY_BODY = YES;
				CLANG_WARN_ENUM_CONVERSION = YES;
				CLANG_WARN_INT_CONVERSION = YES;
				CLANG_WARN_OBJC_ROOT_CLASS = YES_ERROR;
				CLANG_WARN_UNREACHABLE_CODE = YES;
				CLANG_WARN__DUPLICATE_METHOD_MATCH = YES;
				"CODE_SIGN_IDENTITY[sdk=iphoneos*]" = "iPhone Developer";
				COPY_PHASE_STRIP = NO;
				ENABLE_NS_ASSERTIONS = NO;
				ENABLE_STRICT_OBJC_MSGSEND = YES;
				GCC_C_LANGUAGE_STANDARD = gnu99;
				GCC_WARN_64_TO_32_BIT_CONVERSION = YES;
				GCC_WARN_ABOUT_RETURN_TYPE = YES_ERROR;
				GCC_WARN_UNDECLARED_SELECTOR = YES;
				GCC_WARN_UNINITIALIZED_AUTOS = YES_AGGRESSIVE;
				GCC_WARN_UNUSED_FUNCTION = YES;
				GCC_WARN_UNUSED_VARIABLE = YES;
				IPHONEOS_DEPLOYMENT_TARGET = 8.0;
				MTL_ENABLE_DEBUG_INFO = NO;
				SDKROOT = iphoneos;
				VALIDATE_PRODUCT = YES;
			};
			name = Release;
		};
		C9ABAA6B1AB8B3B2006D278C /* Debug */ = {
			isa = XCBuildConfiguration;
			buildSettings = {
				ASSETCATALOG_COMPILER_APPICON_NAME = AppIcon;
				INFOPLIST_FILE = Demo/Info.plist;
				LD_RUNPATH_SEARCH_PATHS = "$(inherited) @executable_path/Frameworks";
				PRODUCT_BUNDLE_IDENTIFIER = "com.moke.$(PRODUCT_NAME:rfc1034identifier)";
				PRODUCT_NAME = "$(TARGET_NAME)";
				TARGETED_DEVICE_FAMILY = "1,2";
			};
			name = Debug;
		};
		C9ABAA6C1AB8B3B2006D278C /* Release */ = {
			isa = XCBuildConfiguration;
			buildSettings = {
				ASSETCATALOG_COMPILER_APPICON_NAME = AppIcon;
				INFOPLIST_FILE = Demo/Info.plist;
				LD_RUNPATH_SEARCH_PATHS = "$(inherited) @executable_path/Frameworks";
				PRODUCT_BUNDLE_IDENTIFIER = "com.moke.$(PRODUCT_NAME:rfc1034identifier)";
				PRODUCT_NAME = "$(TARGET_NAME)";
				TARGETED_DEVICE_FAMILY = "1,2";
			};
			name = Release;
		};
/* End XCBuildConfiguration section */

/* Begin XCConfigurationList section */
		C9ABAA421AB8B3B2006D278C /* Build configuration list for PBXProject "WLActivityViewController" */ = {
			isa = XCConfigurationList;
			buildConfigurations = (
				C9ABAA681AB8B3B2006D278C /* Debug */,
				C9ABAA691AB8B3B2006D278C /* Release */,
			);
			defaultConfigurationIsVisible = 0;
			defaultConfigurationName = Release;
		};
		C9ABAA6A1AB8B3B2006D278C /* Build configuration list for PBXNativeTarget "WLActivityViewController" */ = {
			isa = XCConfigurationList;
			buildConfigurations = (
				C9ABAA6B1AB8B3B2006D278C /* Debug */,
				C9ABAA6C1AB8B3B2006D278C /* Release */,
			);
			defaultConfigurationIsVisible = 0;
			defaultConfigurationName = Release;
		};
/* End XCConfigurationList section */
	};
	rootObject = C9ABAA3F1AB8B3B2006D278C /* Project object */;
}
